<?xml version="1.0" encoding="utf-8"?>
<Project ToolsVersion="4.0" xmlns="http://schemas.microsoft.com/developer/msbuild/2003">
  <ItemGroup>
    <Filter Include="소스 파일">
      <UniqueIdentifier>{4FC737F1-C7A5-4376-A066-2A32D752A2FF}</UniqueIdentifier>
      <Extensions>cpp;c;cc;cxx;c++;cppm;ixx;def;odl;idl;hpj;bat;asm;asmx</Extensions>
    </Filter>
    <Filter Include="헤더 파일">
      <UniqueIdentifier>{93995380-89BD-4b04-88EB-625FBE52EBFB}</UniqueIdentifier>
      <Extensions>h;hh;hpp;hxx;h++;hm;inl;inc;ipp;xsd</Extensions>
    </Filter>
    <Filter Include="리소스 파일">
      <UniqueIdentifier>{67DA6AB6-F800-4c08-8B7A-83BB121AAD01}</UniqueIdentifier>
      <Extensions>rc;ico;cur;bmp;dlg;rc2;rct;bin;rgs;gif;jpg;jpeg;jpe;resx;tiff;tif;png;wav;mfcribbon-ms</Extensions>
    </Filter>
    <Filter Include="2D Framework">
      <UniqueIdentifier>{8b0c4e35-7e2f-4a74-83bb-e0db2d424e97}</UniqueIdentifier>
    </Filter>
    <Filter Include="2D Framework\Manager">
      <UniqueIdentifier>{73a7dbf2-cbe7-40e3-86b0-8e06a49626a9}</UniqueIdentifier>
    </Filter>
    <Filter Include="MainGame">
      <UniqueIdentifier>{76040367-e9ec-435c-8de8-182b0e7703ca}</UniqueIdentifier>
    </Filter>
    <Filter Include="MainGame\Enemy">
      <UniqueIdentifier>{602713da-07b3-49cb-9d52-7db0a54cea47}</UniqueIdentifier>
    </Filter>
    <Filter Include="MainGame\Ammo">
      <UniqueIdentifier>{eca8ebfb-567f-49a3-be93-1c4fc60442ec}</UniqueIdentifier>
    </Filter>
    <Filter Include="2D Framework\Timer">
      <UniqueIdentifier>{d7001b95-e035-4255-abd7-0416253c7f80}</UniqueIdentifier>
    </Filter>
    <Filter Include="MainGame\Scene">
      <UniqueIdentifier>{706cb441-4046-4339-a016-95a5dfe9d76c}</UniqueIdentifier>
    </Filter>
    <Filter Include="2D Framework\UI_Button">
      <UniqueIdentifier>{3a31a1c9-af35-4d40-b4a2-67c20de4abcd}</UniqueIdentifier>
    </Filter>
    <Filter Include="MainGame\PlayerTank">
      <UniqueIdentifier>{f9425597-7ba6-45da-95d2-aecbe01a3b0b}</UniqueIdentifier>
    </Filter>
    <Filter Include="MainGame\Enemy\EnemyFactoyy">
      <UniqueIdentifier>{783fd0f2-e83c-4ddc-8f25-a0368a958a8b}</UniqueIdentifier>
    </Filter>
    <Filter Include="MainGame\UI">
      <UniqueIdentifier>{d0fee03c-67e6-4bdb-9aa8-974a75e064bb}</UniqueIdentifier>
    </Filter>
    <Filter Include="MainGame\Item">
      <UniqueIdentifier>{61415956-bba1-4745-b0e6-8a4663ea85f5}</UniqueIdentifier>
    </Filter>
    <Filter Include="MainGame\Stage">
      <UniqueIdentifier>{769c39c7-1842-4162-a80d-c2ceeeb1e86f}</UniqueIdentifier>
    </Filter>
  </ItemGroup>
  <ItemGroup>
    <ClCompile Include="main.cpp">
      <Filter>소스 파일</Filter>
    </ClCompile>
    <ClCompile Include="GameEntity.cpp">
      <Filter>2D Framework</Filter>
    </ClCompile>
    <ClCompile Include="GameObject.cpp">
      <Filter>2D Framework</Filter>
    </ClCompile>
    <ClCompile Include="KeyManager.cpp">
      <Filter>2D Framework\Manager</Filter>
    </ClCompile>
    <ClCompile Include="SceneManager.cpp">
      <Filter>2D Framework\Manager</Filter>
    </ClCompile>
    <ClCompile Include="MainGame.cpp">
      <Filter>MainGame</Filter>
    </ClCompile>
    <ClCompile Include="Image.cpp">
      <Filter>2D Framework</Filter>
    </ClCompile>
    <ClCompile Include="Ammo.cpp">
      <Filter>MainGame\Ammo</Filter>
    </ClCompile>
    <ClCompile Include="ImageManager.cpp">
      <Filter>2D Framework\Manager</Filter>
    </ClCompile>
    <ClCompile Include="Timer.cpp">
      <Filter>2D Framework\Timer</Filter>
    </ClCompile>
    <ClCompile Include="TimerManager.cpp">
      <Filter>2D Framework\Manager</Filter>
    </ClCompile>
    <ClCompile Include="BattleScene.cpp">
      <Filter>MainGame\Scene</Filter>
    </ClCompile>
    <ClCompile Include="TitleScene.cpp">
      <Filter>MainGame\Scene</Filter>
    </ClCompile>
    <ClCompile Include="TilemapToolScene.cpp">
      <Filter>MainGame\Scene</Filter>
    </ClCompile>
    <ClCompile Include="PlayerTank.cpp">
      <Filter>MainGame\PlayerTank</Filter>
    </ClCompile>
    <ClCompile Include="BigEnemyTank.cpp">
      <Filter>MainGame\Enemy</Filter>
    </ClCompile>
    <ClCompile Include="FastShootEnemyTank.cpp">
      <Filter>MainGame\Enemy</Filter>
    </ClCompile>
    <ClCompile Include="NormalEnemyTank.cpp">
      <Filter>MainGame\Enemy</Filter>
    </ClCompile>
    <ClCompile Include="EnemyTankFactory.cpp">
      <Filter>MainGame\Enemy\EnemyFactoyy</Filter>
    </ClCompile>
    <ClCompile Include="FastMoveEnemyTank.cpp">
      <Filter>MainGame\Enemy</Filter>
    </ClCompile>
    <ClCompile Include="EnemyTanks.cpp">
      <Filter>MainGame\Enemy\EnemyFactoyy</Filter>
    </ClCompile>
    <ClCompile Include="AmmoManager.cpp">
      <Filter>MainGame\Ammo</Filter>
    </ClCompile>
    <ClCompile Include="EnemyStatus.cpp">
      <Filter>MainGame\UI</Filter>
    </ClCompile>
    <ClCompile Include="PlayerStatus.cpp">
      <Filter>MainGame\UI</Filter>
    </ClCompile>
    <ClCompile Include="Item.cpp">
      <Filter>MainGame\Item</Filter>
    </ClCompile>
    <ClCompile Include="ItemManager.cpp">
      <Filter>MainGame\Item</Filter>
    </ClCompile>
    <ClCompile Include="EnemyTankManager.cpp">
      <Filter>MainGame\Enemy\EnemyFactoyy</Filter>
    </ClCompile>
    <ClCompile Include="UIManager.cpp">
      <Filter>MainGame\UI</Filter>
    </ClCompile>
    <ClCompile Include="StageManager.cpp">
      <Filter>MainGame\Stage</Filter>
    </ClCompile>
    <ClCompile Include="ScoreManager.cpp">
      <Filter>2D Framework\Manager</Filter>
    </ClCompile>
    <ClCompile Include="TotalScene.cpp">
      <Filter>MainGame\Scene</Filter>
    </ClCompile>
    <ClCompile Include="TempScene.cpp">
      <Filter>MainGame\Scene</Filter>
    </ClCompile>
    <ClCompile Include="Physics.cpp">
      <Filter>소스 파일</Filter>
    </ClCompile>
    <ClCompile Include="Gunba.cpp">
      <Filter>소스 파일</Filter>
    </ClCompile>
    <ClCompile Include="PlayerCharacter.cpp">
      <Filter>소스 파일</Filter>
    </ClCompile>
    <ClCompile Include="MyTileMapTool.cpp">
      <Filter>소스 파일</Filter>
    </ClCompile>
  </ItemGroup>
  <ItemGroup>
    <ClInclude Include="Config.h">
      <Filter>헤더 파일</Filter>
    </ClInclude>
    <ClInclude Include="CommonFunction.h">
      <Filter>헤더 파일</Filter>
    </ClInclude>
    <ClInclude Include="GameEntity.h">
      <Filter>2D Framework</Filter>
    </ClInclude>
    <ClInclude Include="GameObject.h">
      <Filter>2D Framework</Filter>
    </ClInclude>
    <ClInclude Include="KeyManager.h">
      <Filter>2D Framework\Manager</Filter>
    </ClInclude>
    <ClInclude Include="SceneManager.h">
      <Filter>2D Framework\Manager</Filter>
    </ClInclude>
    <ClInclude Include="Singleton.h">
      <Filter>2D Framework\Manager</Filter>
    </ClInclude>
    <ClInclude Include="MainGame.h">
      <Filter>MainGame</Filter>
    </ClInclude>
    <ClInclude Include="Image.h">
      <Filter>2D Framework</Filter>
    </ClInclude>
    <ClInclude Include="Ammo.h">
      <Filter>MainGame\Ammo</Filter>
    </ClInclude>
    <ClInclude Include="ImageManager.h">
      <Filter>2D Framework\Manager</Filter>
    </ClInclude>
    <ClInclude Include="Timer.h">
      <Filter>2D Framework\Timer</Filter>
    </ClInclude>
    <ClInclude Include="TimerManager.h">
      <Filter>2D Framework\Manager</Filter>
    </ClInclude>
    <ClInclude Include="BattleScene.h">
      <Filter>MainGame\Scene</Filter>
    </ClInclude>
    <ClInclude Include="TitleScene.h">
      <Filter>MainGame\Scene</Filter>
    </ClInclude>
    <ClInclude Include="TilemapToolScene.h">
      <Filter>MainGame\Scene</Filter>
    </ClInclude>
    <ClInclude Include="PlayerTank.h">
      <Filter>MainGame\PlayerTank</Filter>
    </ClInclude>
    <ClInclude Include="NormalEnemyTank.h">
      <Filter>MainGame\Enemy</Filter>
    </ClInclude>
    <ClInclude Include="FastShootEnemyTank.h">
      <Filter>MainGame\Enemy</Filter>
    </ClInclude>
    <ClInclude Include="BigEnemyTank.h">
      <Filter>MainGame\Enemy</Filter>
    </ClInclude>
    <ClInclude Include="EnemyTankFactory.h">
      <Filter>MainGame\Enemy\EnemyFactoyy</Filter>
    </ClInclude>
    <ClInclude Include="FastMoveEnemyTank.h">
      <Filter>MainGame\Enemy</Filter>
    </ClInclude>
    <ClInclude Include="EnemyTanks.h">
      <Filter>MainGame\Enemy\EnemyFactoyy</Filter>
    </ClInclude>
    <ClInclude Include="AmmoManager.h">
      <Filter>MainGame\Ammo</Filter>
    </ClInclude>
    <ClInclude Include="EnemyStatus.h">
      <Filter>MainGame\UI</Filter>
    </ClInclude>
    <ClInclude Include="PlayerStatus.h">
      <Filter>MainGame\UI</Filter>
    </ClInclude>
    <ClInclude Include="Item.h">
      <Filter>MainGame\Item</Filter>
    </ClInclude>
    <ClInclude Include="ItemManager.h">
      <Filter>MainGame\Item</Filter>
    </ClInclude>
    <ClInclude Include="EnemyTankManager.h">
      <Filter>MainGame\Enemy\EnemyFactoyy</Filter>
    </ClInclude>
    <ClInclude Include="UIManager.h">
      <Filter>MainGame\UI</Filter>
    </ClInclude>
    <ClInclude Include="StageManager.h">
      <Filter>MainGame\Stage</Filter>
    </ClInclude>
    <ClInclude Include="ScoreManager.h">
      <Filter>2D Framework\Manager</Filter>
    </ClInclude>
    <ClInclude Include="TotalScene.h">
      <Filter>MainGame\Scene</Filter>
    </ClInclude>
    <ClInclude Include="GameDataManager.h">
      <Filter>2D Framework\Manager</Filter>
    </ClInclude>
    <ClInclude Include="TempScene.h">
      <Filter>MainGame\Scene</Filter>
    </ClInclude>
    <ClInclude Include="Physics.h">
      <Filter>헤더 파일</Filter>
    </ClInclude>
    <ClInclude Include="Gunba.h">
      <Filter>헤더 파일</Filter>
    </ClInclude>
    <ClInclude Include="PlayerCharacter.h">
      <Filter>헤더 파일</Filter>
    </ClInclude>
    <ClInclude Include="MyTileMapTool.h">
      <Filter>헤더 파일</Filter>
    </ClInclude>
  </ItemGroup>
</Project>