<?xml version="1.0" encoding="utf-8"?>
<Project ToolsVersion="4.0" xmlns="http://schemas.microsoft.com/developer/msbuild/2003">
  <ItemGroup>
    <Filter Include="소스 파일">
      <UniqueIdentifier>{4FC737F1-C7A5-4376-A066-2A32D752A2FF}</UniqueIdentifier>
      <Extensions>cpp;c;cc;cxx;c++;cppm;ixx;def;odl;idl;hpj;bat;asm;asmx</Extensions>
    </Filter>
    <Filter Include="헤더 파일">
      <UniqueIdentifier>{93995380-89BD-4b04-88EB-625FBE52EBFB}</UniqueIdentifier>
      <Extensions>h;hh;hpp;hxx;h++;hm;inl;inc;ipp;xsd</Extensions>
    </Filter>
    <Filter Include="리소스 파일">
      <UniqueIdentifier>{67DA6AB6-F800-4c08-8B7A-83BB121AAD01}</UniqueIdentifier>
      <Extensions>rc;ico;cur;bmp;dlg;rc2;rct;bin;rgs;gif;jpg;jpeg;jpe;resx;tiff;tif;png;wav;mfcribbon-ms</Extensions>
    </Filter>
    <Filter Include="2D Framework">
      <UniqueIdentifier>{8b0c4e35-7e2f-4a74-83bb-e0db2d424e97}</UniqueIdentifier>
    </Filter>
    <Filter Include="2D Framework\Manager">
      <UniqueIdentifier>{73a7dbf2-cbe7-40e3-86b0-8e06a49626a9}</UniqueIdentifier>
    </Filter>
    <Filter Include="MainGame">
      <UniqueIdentifier>{76040367-e9ec-435c-8de8-182b0e7703ca}</UniqueIdentifier>
    </Filter>
    <Filter Include="2D Framework\Timer">
      <UniqueIdentifier>{d7001b95-e035-4255-abd7-0416253c7f80}</UniqueIdentifier>
    </Filter>
    <Filter Include="MainGame\Scene">
      <UniqueIdentifier>{706cb441-4046-4339-a016-95a5dfe9d76c}</UniqueIdentifier>
    </Filter>
    <Filter Include="MainGame\Monster">
      <UniqueIdentifier>{c2e00541-f90b-4f50-a66a-f2e5d3558394}</UniqueIdentifier>
    </Filter>
    <Filter Include="헤더 파일\Config">
      <UniqueIdentifier>{edcc45a6-44b9-416a-bf83-243aa4262e60}</UniqueIdentifier>
    </Filter>
    <Filter Include="MainGame\Character">
      <UniqueIdentifier>{f1749f4c-d5a8-41e8-9093-dfe9d347e35b}</UniqueIdentifier>
    </Filter>
    <Filter Include="MainGame\Character\Ammo">
      <UniqueIdentifier>{7bbcdf2d-38ad-4a01-beb5-3d088b2c1f87}</UniqueIdentifier>
    </Filter>
    <Filter Include="MainGame\Item">
      <UniqueIdentifier>{b84fff37-1a45-495e-bd56-6aeda908dc7b}</UniqueIdentifier>
    </Filter>
  </ItemGroup>
  <ItemGroup>
    <ClCompile Include="main.cpp">
      <Filter>소스 파일</Filter>
    </ClCompile>
    <ClCompile Include="GameEntity.cpp">
      <Filter>2D Framework</Filter>
    </ClCompile>
    <ClCompile Include="GameObject.cpp">
      <Filter>2D Framework</Filter>
    </ClCompile>
    <ClCompile Include="KeyManager.cpp">
      <Filter>2D Framework\Manager</Filter>
    </ClCompile>
    <ClCompile Include="SceneManager.cpp">
      <Filter>2D Framework\Manager</Filter>
    </ClCompile>
    <ClCompile Include="MainGame.cpp">
      <Filter>MainGame</Filter>
    </ClCompile>
    <ClCompile Include="Image.cpp">
      <Filter>2D Framework</Filter>
    </ClCompile>
    <ClCompile Include="ImageManager.cpp">
      <Filter>2D Framework\Manager</Filter>
    </ClCompile>
    <ClCompile Include="Timer.cpp">
      <Filter>2D Framework\Timer</Filter>
    </ClCompile>
    <ClCompile Include="TimerManager.cpp">
      <Filter>2D Framework\Manager</Filter>
    </ClCompile>
    <ClCompile Include="GameScene.cpp">
      <Filter>MainGame\Scene</Filter>
    </ClCompile>
    <ClCompile Include="Physics.cpp">
      <Filter>소스 파일</Filter>
    </ClCompile>
    <ClCompile Include="MyTileMapTool.cpp">
      <Filter>MainGame\Scene</Filter>
    </ClCompile>
    <ClCompile Include="Input.cpp">
      <Filter>2D Framework\Manager</Filter>
    </ClCompile>
    <ClCompile Include="GameDataContainer.cpp">
      <Filter>2D Framework\Manager</Filter>
    </ClCompile>
    <ClCompile Include="Gunba.cpp">
      <Filter>MainGame\Monster</Filter>
    </ClCompile>
    <ClCompile Include="PlayerCharacter.cpp">
      <Filter>MainGame\Character</Filter>
    </ClCompile>
    <ClCompile Include="FireAmmo.cpp">
      <Filter>MainGame\Character\Ammo</Filter>
    </ClCompile>
    <ClCompile Include="AmmoManager.cpp">
      <Filter>MainGame\Character\Ammo</Filter>
    </ClCompile>
    <ClCompile Include="Mushroom.cpp">
      <Filter>MainGame\Item</Filter>
    </ClCompile>
    <ClCompile Include="Item.cpp">
      <Filter>MainGame\Item</Filter>
    </ClCompile>
    <ClCompile Include="ItemManager.cpp">
      <Filter>MainGame\Item</Filter>
    </ClCompile>
    <ClCompile Include="FireFlower.cpp">
      <Filter>MainGame\Item</Filter>
    </ClCompile>
    <ClCompile Include="SpinCoin.cpp">
      <Filter>MainGame\Item</Filter>
    </ClCompile>
    <ClCompile Include="TitleScene.cpp">
      <Filter>MainGame\Scene</Filter>
    </ClCompile>
    <ClCompile Include="ClearScene.cpp">
      <Filter>MainGame\Scene</Filter>
    </ClCompile>
    <ClCompile Include="DeadScene.cpp">
      <Filter>MainGame\Scene</Filter>
    </ClCompile>
  </ItemGroup>
  <ItemGroup>
    <ClInclude Include="GameEntity.h">
      <Filter>2D Framework</Filter>
    </ClInclude>
    <ClInclude Include="GameObject.h">
      <Filter>2D Framework</Filter>
    </ClInclude>
    <ClInclude Include="KeyManager.h">
      <Filter>2D Framework\Manager</Filter>
    </ClInclude>
    <ClInclude Include="SceneManager.h">
      <Filter>2D Framework\Manager</Filter>
    </ClInclude>
    <ClInclude Include="Singleton.h">
      <Filter>2D Framework\Manager</Filter>
    </ClInclude>
    <ClInclude Include="MainGame.h">
      <Filter>MainGame</Filter>
    </ClInclude>
    <ClInclude Include="Image.h">
      <Filter>2D Framework</Filter>
    </ClInclude>
    <ClInclude Include="ImageManager.h">
      <Filter>2D Framework\Manager</Filter>
    </ClInclude>
    <ClInclude Include="Timer.h">
      <Filter>2D Framework\Timer</Filter>
    </ClInclude>
    <ClInclude Include="TimerManager.h">
      <Filter>2D Framework\Manager</Filter>
    </ClInclude>
    <ClInclude Include="GameScene.h">
      <Filter>MainGame\Scene</Filter>
    </ClInclude>
    <ClInclude Include="Physics.h">
      <Filter>헤더 파일</Filter>
    </ClInclude>
    <ClInclude Include="MyTileMapTool.h">
      <Filter>MainGame\Scene</Filter>
    </ClInclude>
    <ClInclude Include="Input.h">
      <Filter>2D Framework\Manager</Filter>
    </ClInclude>
    <ClInclude Include="GameDataContainer.h">
      <Filter>2D Framework\Manager</Filter>
    </ClInclude>
    <ClInclude Include="Gunba.h">
      <Filter>MainGame\Monster</Filter>
    </ClInclude>
    <ClInclude Include="CommonFunction.h">
      <Filter>헤더 파일\Config</Filter>
    </ClInclude>
    <ClInclude Include="HeaderCollection.h">
      <Filter>헤더 파일\Config</Filter>
    </ClInclude>
    <ClInclude Include="MacroCollection.h">
      <Filter>헤더 파일\Config</Filter>
    </ClInclude>
    <ClInclude Include="EnumClassCollection.h">
      <Filter>헤더 파일\Config</Filter>
    </ClInclude>
    <ClInclude Include="StructCollection.h">
      <Filter>헤더 파일\Config</Filter>
    </ClInclude>
    <ClInclude Include="GlobalVariableCollection.h">
      <Filter>헤더 파일\Config</Filter>
    </ClInclude>
    <ClInclude Include="PlayerCharacter.h">
      <Filter>MainGame\Character</Filter>
    </ClInclude>
    <ClInclude Include="FireAmmo.h">
      <Filter>MainGame\Character\Ammo</Filter>
    </ClInclude>
    <ClInclude Include="AmmoManager.h">
      <Filter>MainGame\Character\Ammo</Filter>
    </ClInclude>
    <ClInclude Include="Mushroom.h">
      <Filter>MainGame\Item</Filter>
    </ClInclude>
    <ClInclude Include="Item.h">
      <Filter>MainGame\Item</Filter>
    </ClInclude>
    <ClInclude Include="ItemManager.h">
      <Filter>MainGame\Item</Filter>
    </ClInclude>
    <ClInclude Include="FireFlower.h">
      <Filter>MainGame\Item</Filter>
    </ClInclude>
    <ClInclude Include="SpinCoin.h">
      <Filter>MainGame\Item</Filter>
    </ClInclude>
    <ClInclude Include="TitleScene.h">
      <Filter>MainGame\Scene</Filter>
    </ClInclude>
    <ClInclude Include="ClearScene.h">
      <Filter>MainGame\Scene</Filter>
    </ClInclude>
    <ClInclude Include="DeadScene.h">
      <Filter>MainGame\Scene</Filter>
    </ClInclude>
  </ItemGroup>
</Project>